
Microsoft Visual Studio Solution File, Format Version 12.00
# Visual Studio Version 17
VisualStudioVersion = 17.5.002.0
MinimumVisualStudioVersion = 10.0.40219.1
Project("{9A19103F-16F7-4668-BE54-9A1E7A4F7556}") = "agam-api", "agam-api.csproj", "{0F00DE2F-9755-4C59-B75D-FF023B78B16E}"
EndProject
Global
	GlobalSection(SolutionConfigurationPlatforms) = preSolution
		Debug|Any CPU = Debug|Any CPU
		Release|Any CPU = Release|Any CPU
	EndGlobalSection
	GlobalSection(ProjectConfigurationPlatforms) = postSolution
		{0F00DE2F-9755-4C59-B75D-FF023B78B16E}.Debug|Any CPU.ActiveCfg = Debug|Any CPU
		{0F00DE2F-9755-4C59-B75D-FF023B78B16E}.Debug|Any CPU.Build.0 = Debug|Any CPU
		{0F00DE2F-9755-4C59-B75D-FF023B78B16E}.Release|Any CPU.ActiveCfg = Release|Any CPU
		{0F00DE2F-9755-4C59-B75D-FF023B78B16E}.Release|Any CPU.Build.0 = Release|Any CPU
	EndGlobalSection
	GlobalSection(SolutionProperties) = preSolution
		HideSolutionNode = FALSE
	EndGlobalSection
	GlobalSection(ExtensibilityGlobals) = postSolution
		SolutionGuid = {BC1AD650-E44C-4B0E-9990-2CE0BB181357}
	EndGlobalSection
EndGlobal
